
Microsoft Visual Studio Solution File, Format Version 12.00
# Visual Studio Version 17
VisualStudioVersion = 17.3.32611.2
MinimumVisualStudioVersion = 10.0.40219.1
Project("{FAE04EC0-301F-11D3-BF4B-00C04F79EFBC}") = "TalkBack.Chat.Service", "TalkBack.Chat.Service\TalkBack.Chat.Service.csproj", "{996E4C49-A835-422E-B91C-54127FB9C7BA}"
EndProject
Global
	GlobalSection(SolutionConfigurationPlatforms) = preSolution
		Debug|Any CPU = Debug|Any CPU
		Release|Any CPU = Release|Any CPU
	EndGlobalSection
	GlobalSection(ProjectConfigurationPlatforms) = postSolution
		{996E4C49-A835-422E-B91C-54127FB9C7BA}.Debug|Any CPU.ActiveCfg = Debug|Any CPU
		{996E4C49-A835-422E-B91C-54127FB9C7BA}.Debug|Any CPU.Build.0 = Debug|Any CPU
		{996E4C49-A835-422E-B91C-54127FB9C7BA}.Release|Any CPU.ActiveCfg = Release|Any CPU
		{996E4C49-A835-422E-B91C-54127FB9C7BA}.Release|Any CPU.Build.0 = Release|Any CPU
	EndGlobalSection
	GlobalSection(SolutionProperties) = preSolution
		HideSolutionNode = FALSE
	EndGlobalSection
	GlobalSection(ExtensibilityGlobals) = postSolution
		SolutionGuid = {1FEA056B-EACD-4F37-8E81-EDCC359C5691}
	EndGlobalSection
EndGlobal
