
Microsoft Visual Studio Solution File, Format Version 12.00
# Visual Studio Version 17
VisualStudioVersion = 17.3.32611.2
MinimumVisualStudioVersion = 10.0.40219.1
Project("{9A19103F-16F7-4668-BE54-9A1E7A4F7556}") = "TalkBack.Users.Service", "TalkBack.Users.Service\TalkBack.Users.Service.csproj", "{F0606D58-6CE9-4384-A863-DE428EBF3598}"
EndProject
Project("{FAE04EC0-301F-11D3-BF4B-00C04F79EFBC}") = "TalkBack.Users.Contracts", "TalkBack.Users.Contracts\TalkBack.Users.Contracts.csproj", "{DA62697F-80B0-4D73-AC76-6B22DDFF28A7}"
EndProject
Global
	GlobalSection(SolutionConfigurationPlatforms) = preSolution
		Debug|Any CPU = Debug|Any CPU
		Release|Any CPU = Release|Any CPU
	EndGlobalSection
	GlobalSection(ProjectConfigurationPlatforms) = postSolution
		{F0606D58-6CE9-4384-A863-DE428EBF3598}.Debug|Any CPU.ActiveCfg = Debug|Any CPU
		{F0606D58-6CE9-4384-A863-DE428EBF3598}.Debug|Any CPU.Build.0 = Debug|Any CPU
		{F0606D58-6CE9-4384-A863-DE428EBF3598}.Release|Any CPU.ActiveCfg = Release|Any CPU
		{F0606D58-6CE9-4384-A863-DE428EBF3598}.Release|Any CPU.Build.0 = Release|Any CPU
		{DA62697F-80B0-4D73-AC76-6B22DDFF28A7}.Debug|Any CPU.ActiveCfg = Debug|Any CPU
		{DA62697F-80B0-4D73-AC76-6B22DDFF28A7}.Debug|Any CPU.Build.0 = Debug|Any CPU
		{DA62697F-80B0-4D73-AC76-6B22DDFF28A7}.Release|Any CPU.ActiveCfg = Release|Any CPU
		{DA62697F-80B0-4D73-AC76-6B22DDFF28A7}.Release|Any CPU.Build.0 = Release|Any CPU
	EndGlobalSection
	GlobalSection(SolutionProperties) = preSolution
		HideSolutionNode = FALSE
	EndGlobalSection
	GlobalSection(ExtensibilityGlobals) = postSolution
		SolutionGuid = {7C84FDB4-A9A6-43A1-83F8-9106A09D2359}
	EndGlobalSection
EndGlobal
